{
  "object": {
    "pins": [
      {
        "package": "Commandy",
        "repositoryURL": "https://github.com/atsushi130/Commandy",
        "state": {
          "branch": null,
          "revision": "289efc07c5925675ba2a71c423b3b21a936062cd",
          "version": "1.0.1"
        }
      }
    ]
  },
  "version": 1
}
