{
  "object": {
    "pins": [
      {
        "package": "Commandy",
        "repositoryURL": "https://github.com/atsushi130/Commandy",
        "state": {
          "branch": null,
          "revision": "3648b4130ceacb1cc77ef231fefe50a62dafa3eb",
          "version": "1.1.0"
        }
      }
    ]
  },
  "version": 1
}
